{
  "version": 4,
  "terraform_version": "1.12.2",
  "serial": 10,
  "lineage": "236b834a-ea01-60d4-96db-3fc968043ed2",
  "outputs": {},
  "resources": [
    {
      "mode": "managed",
      "type": "local_file",
      "name": "f1",
      "provider": "provider[\"registry.terraform.io/hashicorp/local\"]",
      "instances": [
        {
          "schema_version": 0,
          "attributes": {
            "content": "var.content",
            "content_base64": null,
            "content_base64sha256": "8+TT03U9LszQJb/jSHweRYsj7ueiWTITMP0XjWQJJC0=",
            "content_base64sha512": "4vAOnRcZ3d1UVN+21Zr9SOnl1G3827a+KNI/AFyWfnsku7wxrvi/VybOMgsLDMNEH5ogAlsTRE8Xr04xsYIPaA==",
            "content_md5": "a46efb6d15998ca5a99b163701556c3d",
            "content_sha1": "2560517838ec2e0d5f58a3963f91831616d0ad5d",
            "content_sha256": "f3e4d3d3753d2eccd025bfe3487c1e458b23eee7a259321330fd178d6409242d",
            "content_sha512": "e2f00e9d1719dddd5454dfb6d59afd48e9e5d46dfcdbb6be28d23f005c967e7b24bbbc31aef8bf5726ce320b0b0cc3441f9a20025b13444f17af4e31b1820f68",
            "directory_permission": "0777",
            "file_permission": "0777",
            "filename": "command",
            "id": "2560517838ec2e0d5f58a3963f91831616d0ad5d",
            "sensitive_content": null,
            "source": null
          },
          "sensitive_attributes": [
            [
              {
                "type": "get_attr",
                "value": "sensitive_content"
              }
            ]
          ],
          "identity_schema_version": 0
        }
      ]
    },
    {
      "mode": "managed",
      "type": "local_file",
      "name": "f2",
      "provider": "provider[\"registry.terraform.io/hashicorp/local\"]",
      "instances": [
        {
          "schema_version": 0,
          "attributes": {
            "content": "var.content",
            "content_base64": null,
            "content_base64sha256": "8+TT03U9LszQJb/jSHweRYsj7ueiWTITMP0XjWQJJC0=",
            "content_base64sha512": "4vAOnRcZ3d1UVN+21Zr9SOnl1G3827a+KNI/AFyWfnsku7wxrvi/VybOMgsLDMNEH5ogAlsTRE8Xr04xsYIPaA==",
            "content_md5": "a46efb6d15998ca5a99b163701556c3d",
            "content_sha1": "2560517838ec2e0d5f58a3963f91831616d0ad5d",
            "content_sha256": "f3e4d3d3753d2eccd025bfe3487c1e458b23eee7a259321330fd178d6409242d",
            "content_sha512": "e2f00e9d1719dddd5454dfb6d59afd48e9e5d46dfcdbb6be28d23f005c967e7b24bbbc31aef8bf5726ce320b0b0cc3441f9a20025b13444f17af4e31b1820f68",
            "directory_permission": "0777",
            "file_permission": "0777",
            "filename": "123456",
            "id": "2560517838ec2e0d5f58a3963f91831616d0ad5d",
            "sensitive_content": null,
            "source": null
          },
          "sensitive_attributes": [
            [
              {
                "type": "get_attr",
                "value": "sensitive_content"
              }
            ]
          ],
          "identity_schema_version": 0
        }
      ]
    },
    {
      "mode": "managed",
      "type": "local_file",
      "name": "f3",
      "provider": "provider[\"registry.terraform.io/hashicorp/local\"]",
      "instances": [
        {
          "index_key": "1",
          "schema_version": 0,
          "attributes": {
            "content": "var.content",
            "content_base64": null,
            "content_base64sha256": "8+TT03U9LszQJb/jSHweRYsj7ueiWTITMP0XjWQJJC0=",
            "content_base64sha512": "4vAOnRcZ3d1UVN+21Zr9SOnl1G3827a+KNI/AFyWfnsku7wxrvi/VybOMgsLDMNEH5ogAlsTRE8Xr04xsYIPaA==",
            "content_md5": "a46efb6d15998ca5a99b163701556c3d",
            "content_sha1": "2560517838ec2e0d5f58a3963f91831616d0ad5d",
            "content_sha256": "f3e4d3d3753d2eccd025bfe3487c1e458b23eee7a259321330fd178d6409242d",
            "content_sha512": "e2f00e9d1719dddd5454dfb6d59afd48e9e5d46dfcdbb6be28d23f005c967e7b24bbbc31aef8bf5726ce320b0b0cc3441f9a20025b13444f17af4e31b1820f68",
            "directory_permission": "0777",
            "file_permission": "0777",
            "filename": "1",
            "id": "2560517838ec2e0d5f58a3963f91831616d0ad5d",
            "sensitive_content": null,
            "source": null
          },
          "sensitive_attributes": [
            [
              {
                "type": "get_attr",
                "value": "sensitive_content"
              }
            ]
          ],
          "identity_schema_version": 0
        },
        {
          "index_key": "2",
          "schema_version": 0,
          "attributes": {
            "content": "var.content",
            "content_base64": null,
            "content_base64sha256": "8+TT03U9LszQJb/jSHweRYsj7ueiWTITMP0XjWQJJC0=",
            "content_base64sha512": "4vAOnRcZ3d1UVN+21Zr9SOnl1G3827a+KNI/AFyWfnsku7wxrvi/VybOMgsLDMNEH5ogAlsTRE8Xr04xsYIPaA==",
            "content_md5": "a46efb6d15998ca5a99b163701556c3d",
            "content_sha1": "2560517838ec2e0d5f58a3963f91831616d0ad5d",
            "content_sha256": "f3e4d3d3753d2eccd025bfe3487c1e458b23eee7a259321330fd178d6409242d",
            "content_sha512": "e2f00e9d1719dddd5454dfb6d59afd48e9e5d46dfcdbb6be28d23f005c967e7b24bbbc31aef8bf5726ce320b0b0cc3441f9a20025b13444f17af4e31b1820f68",
            "directory_permission": "0777",
            "file_permission": "0777",
            "filename": "2",
            "id": "2560517838ec2e0d5f58a3963f91831616d0ad5d",
            "sensitive_content": null,
            "source": null
          },
          "sensitive_attributes": [
            [
              {
                "type": "get_attr",
                "value": "sensitive_content"
              }
            ]
          ],
          "identity_schema_version": 0
        },
        {
          "index_key": "3",
          "schema_version": 0,
          "attributes": {
            "content": "var.content",
            "content_base64": null,
            "content_base64sha256": "8+TT03U9LszQJb/jSHweRYsj7ueiWTITMP0XjWQJJC0=",
            "content_base64sha512": "4vAOnRcZ3d1UVN+21Zr9SOnl1G3827a+KNI/AFyWfnsku7wxrvi/VybOMgsLDMNEH5ogAlsTRE8Xr04xsYIPaA==",
            "content_md5": "a46efb6d15998ca5a99b163701556c3d",
            "content_sha1": "2560517838ec2e0d5f58a3963f91831616d0ad5d",
            "content_sha256": "f3e4d3d3753d2eccd025bfe3487c1e458b23eee7a259321330fd178d6409242d",
            "content_sha512": "e2f00e9d1719dddd5454dfb6d59afd48e9e5d46dfcdbb6be28d23f005c967e7b24bbbc31aef8bf5726ce320b0b0cc3441f9a20025b13444f17af4e31b1820f68",
            "directory_permission": "0777",
            "file_permission": "0777",
            "filename": "3",
            "id": "2560517838ec2e0d5f58a3963f91831616d0ad5d",
            "sensitive_content": null,
            "source": null
          },
          "sensitive_attributes": [
            [
              {
                "type": "get_attr",
                "value": "sensitive_content"
              }
            ]
          ],
          "identity_schema_version": 0
        }
      ]
    },
    {
      "mode": "managed",
      "type": "local_file",
      "name": "f4",
      "provider": "provider[\"registry.terraform.io/hashicorp/local\"]",
      "instances": [
        {
          "schema_version": 0,
          "attributes": {
            "content": "test",
            "content_base64": null,
            "content_base64sha256": "n4bQgYhMfWWaL+qgxVrQFaO/TxsrC4Is0V1sFbDwCgg=",
            "content_base64sha512": "7iaw3Ur350mqGo7jwQrpkj9hiYB3Lkc/iBml1JQODbJ6wYX4oOHV+E+IvIh/1nsUNzLDBMxfqa2Ob1f1ACio/w==",
            "content_md5": "098f6bcd4621d373cade4e832627b4f6",
            "content_sha1": "a94a8fe5ccb19ba61c4c0873d391e987982fbbd3",
            "content_sha256": "9f86d081884c7d659a2feaa0c55ad015a3bf4f1b2b0b822cd15d6c15b0f00a08",
            "content_sha512": "ee26b0dd4af7e749aa1a8ee3c10ae9923f618980772e473f8819a5d4940e0db27ac185f8a0e1d5f84f88bc887fd67b143732c304cc5fa9ad8e6f57f50028a8ff",
            "directory_permission": "0777",
            "file_permission": "0777",
            "filename": "shaik",
            "id": "a94a8fe5ccb19ba61c4c0873d391e987982fbbd3",
            "sensitive_content": null,
            "source": null
          },
          "sensitive_attributes": [
            [
              {
                "type": "get_attr",
                "value": "sensitive_content"
              }
            ]
          ],
          "identity_schema_version": 0
        }
      ]
    },
    {
      "mode": "managed",
      "type": "local_file",
      "name": "f5",
      "provider": "provider[\"registry.terraform.io/hashicorp/local\"]",
      "instances": [
        {
          "schema_version": 0,
          "attributes": {
            "content": "test",
            "content_base64": null,
            "content_base64sha256": "n4bQgYhMfWWaL+qgxVrQFaO/TxsrC4Is0V1sFbDwCgg=",
            "content_base64sha512": "7iaw3Ur350mqGo7jwQrpkj9hiYB3Lkc/iBml1JQODbJ6wYX4oOHV+E+IvIh/1nsUNzLDBMxfqa2Ob1f1ACio/w==",
            "content_md5": "098f6bcd4621d373cade4e832627b4f6",
            "content_sha1": "a94a8fe5ccb19ba61c4c0873d391e987982fbbd3",
            "content_sha256": "9f86d081884c7d659a2feaa0c55ad015a3bf4f1b2b0b822cd15d6c15b0f00a08",
            "content_sha512": "ee26b0dd4af7e749aa1a8ee3c10ae9923f618980772e473f8819a5d4940e0db27ac185f8a0e1d5f84f88bc887fd67b143732c304cc5fa9ad8e6f57f50028a8ff",
            "directory_permission": "0777",
            "file_permission": "0777",
            "filename": "default_value",
            "id": "a94a8fe5ccb19ba61c4c0873d391e987982fbbd3",
            "sensitive_content": null,
            "source": null
          },
          "sensitive_attributes": [
            [
              {
                "type": "get_attr",
                "value": "sensitive_content"
              }
            ]
          ],
          "identity_schema_version": 0
        }
      ]
    },
    {
      "mode": "managed",
      "type": "local_file",
      "name": "f6",
      "provider": "provider[\"registry.terraform.io/hashicorp/local\"]",
      "instances": [
        {
          "schema_version": 0,
          "attributes": {
            "content": "test",
            "content_base64": null,
            "content_base64sha256": "n4bQgYhMfWWaL+qgxVrQFaO/TxsrC4Is0V1sFbDwCgg=",
            "content_base64sha512": "7iaw3Ur350mqGo7jwQrpkj9hiYB3Lkc/iBml1JQODbJ6wYX4oOHV+E+IvIh/1nsUNzLDBMxfqa2Ob1f1ACio/w==",
            "content_md5": "098f6bcd4621d373cade4e832627b4f6",
            "content_sha1": "a94a8fe5ccb19ba61c4c0873d391e987982fbbd3",
            "content_sha256": "9f86d081884c7d659a2feaa0c55ad015a3bf4f1b2b0b822cd15d6c15b0f00a08",
            "content_sha512": "ee26b0dd4af7e749aa1a8ee3c10ae9923f618980772e473f8819a5d4940e0db27ac185f8a0e1d5f84f88bc887fd67b143732c304cc5fa9ad8e6f57f50028a8ff",
            "directory_permission": "0777",
            "file_permission": "0777",
            "filename": "true",
            "id": "a94a8fe5ccb19ba61c4c0873d391e987982fbbd3",
            "sensitive_content": null,
            "source": null
          },
          "sensitive_attributes": [
            [
              {
                "type": "get_attr",
                "value": "sensitive_content"
              }
            ]
          ],
          "identity_schema_version": 0
        }
      ]
    },
    {
      "mode": "managed",
      "type": "local_file",
      "name": "f7",
      "provider": "provider[\"registry.terraform.io/hashicorp/local\"]",
      "instances": [
        {
          "schema_version": 0,
          "attributes": {
            "content": "test",
            "content_base64": null,
            "content_base64sha256": "n4bQgYhMfWWaL+qgxVrQFaO/TxsrC4Is0V1sFbDwCgg=",
            "content_base64sha512": "7iaw3Ur350mqGo7jwQrpkj9hiYB3Lkc/iBml1JQODbJ6wYX4oOHV+E+IvIh/1nsUNzLDBMxfqa2Ob1f1ACio/w==",
            "content_md5": "098f6bcd4621d373cade4e832627b4f6",
            "content_sha1": "a94a8fe5ccb19ba61c4c0873d391e987982fbbd3",
            "content_sha256": "9f86d081884c7d659a2feaa0c55ad015a3bf4f1b2b0b822cd15d6c15b0f00a08",
            "content_sha512": "ee26b0dd4af7e749aa1a8ee3c10ae9923f618980772e473f8819a5d4940e0db27ac185f8a0e1d5f84f88bc887fd67b143732c304cc5fa9ad8e6f57f50028a8ff",
            "directory_permission": "0777",
            "file_permission": "0777",
            "filename": "4567",
            "id": "a94a8fe5ccb19ba61c4c0873d391e987982fbbd3",
            "sensitive_content": null,
            "source": null
          },
          "sensitive_attributes": [
            [
              {
                "type": "get_attr",
                "value": "sensitive_content"
              }
            ]
          ],
          "identity_schema_version": 0
        }
      ]
    }
  ],
  "check_results": null
}
